{
  "name": "THP_Final_Project_Schoolink",
  "requires": true,
  "lockfileVersion": 1,
  "dependencies": {
    "medium-editor": {
      "version": "5.23.3",
      "resolved": "https://registry.npmjs.org/medium-editor/-/medium-editor-5.23.3.tgz",
      "integrity": "sha512-he9/TdjX8f8MGdXGfCs8AllrYnqXJJvjNkDKmPg3aPW/uoIrlRqtkFthrwvmd+u4QyzEiadhCCM0EwTiRdUCJw=="
    }
  }
}
